
Microsoft Visual Studio Solution File, Format Version 12.00
# Visual Studio Version 17
VisualStudioVersion = 17.0.31903.59
MinimumVisualStudioVersion = 10.0.40219.1
Project("{2150E333-8FDC-42A3-9474-1A3956D46DE8}") = "api", "api", "{D82C56D6-B2CD-F611-9E31-04638F7EC30E}"
EndProject
Project("{FAE04EC0-301F-11D3-BF4B-00C04F79EFBC}") = "QuranDashboard.Api", "api\QuranDashboard.Api\QuranDashboard.Api.csproj", "{29988391-CBB2-490E-8D16-BD772F1B08C5}"
EndProject
Project("{2150E333-8FDC-42A3-9474-1A3956D46DE8}") = "application", "application", "{A74F262E-BDE7-D5D2-89E9-785413424D0A}"
EndProject
Project("{FAE04EC0-301F-11D3-BF4B-00C04F79EFBC}") = "QuranDashboard.Application", "application\QuranDashboard.Application\QuranDashboard.Application.csproj", "{48414A77-44A8-43D3-BBDF-66DB6A20A56D}"
EndProject
Project("{FAE04EC0-301F-11D3-BF4B-00C04F79EFBC}") = "QuranDashboard.Application.Abstractions", "application\QuranDashboard.Application.Abstractions\QuranDashboard.Application.Abstractions.csproj", "{3BE1B73E-CDA7-4923-9FB6-FD8409AE4F29}"
EndProject
Project("{2150E333-8FDC-42A3-9474-1A3956D46DE8}") = "domain", "domain", "{996CEBED-A05B-5D42-3FF0-982E087A2599}"
EndProject
Project("{FAE04EC0-301F-11D3-BF4B-00C04F79EFBC}") = "QuranDashboard.Domain", "domain\QuranDashboard.Domain\QuranDashboard.Domain.csproj", "{5ED64668-6902-4278-8BDE-7BA6C455AEF7}"
EndProject
Project("{2150E333-8FDC-42A3-9474-1A3956D46DE8}") = "shared", "shared", "{4F52FD11-658E-A102-6CD3-7D7C16FFA15B}"
EndProject
Project("{FAE04EC0-301F-11D3-BF4B-00C04F79EFBC}") = "QuranDashboard.Shared", "shared\QuranDashboard.Shared\QuranDashboard.Shared.csproj", "{9143CF3F-0AE7-4AB3-B2CC-21D23CB61598}"
EndProject
Project("{2150E333-8FDC-42A3-9474-1A3956D46DE8}") = "infrastructure", "infrastructure", "{DFEE68D8-A7D0-1A41-506C-9B74AA9A7B7B}"
EndProject
Project("{FAE04EC0-301F-11D3-BF4B-00C04F79EFBC}") = "QuranDashboard.Infrastructure", "infrastructure\QuranDashboard.Infrastructure\QuranDashboard.Infrastructure.csproj", "{E0209021-2B39-404D-8D00-6B03BBCB78C5}"
EndProject
Project("{2150E333-8FDC-42A3-9474-1A3956D46DE8}") = "tools", "tools", "{07C2787E-EAC7-C090-1BA3-A61EC2A24D84}"
EndProject
Project("{FAE04EC0-301F-11D3-BF4B-00C04F79EFBC}") = "QuranDashboard.DataImporter", "tools\QuranDashboard.DataImporter\QuranDashboard.DataImporter.csproj", "{155DE389-64B3-4FAC-9EA2-D2E53D0CE7E2}"
EndProject
Project("{2150E333-8FDC-42A3-9474-1A3956D46DE8}") = "tests", "tests", "{0AB3BF05-4346-4AA6-1389-037BE0695223}"
EndProject
Project("{FAE04EC0-301F-11D3-BF4B-00C04F79EFBC}") = "QuranDashboard.Tests", "tests\QuranDashboard.Tests\QuranDashboard.Tests.csproj", "{E51BF484-14BE-4B3F-9795-C632F9E03255}"
EndProject
Global
	GlobalSection(SolutionConfigurationPlatforms) = preSolution
		Debug|Any CPU = Debug|Any CPU
		Debug|x64 = Debug|x64
		Debug|x86 = Debug|x86
		Release|Any CPU = Release|Any CPU
		Release|x64 = Release|x64
		Release|x86 = Release|x86
	EndGlobalSection
	GlobalSection(ProjectConfigurationPlatforms) = postSolution
		{29988391-CBB2-490E-8D16-BD772F1B08C5}.Debug|Any CPU.ActiveCfg = Debug|Any CPU
		{29988391-CBB2-490E-8D16-BD772F1B08C5}.Debug|Any CPU.Build.0 = Debug|Any CPU
		{29988391-CBB2-490E-8D16-BD772F1B08C5}.Debug|x64.ActiveCfg = Debug|Any CPU
		{29988391-CBB2-490E-8D16-BD772F1B08C5}.Debug|x64.Build.0 = Debug|Any CPU
		{29988391-CBB2-490E-8D16-BD772F1B08C5}.Debug|x86.ActiveCfg = Debug|Any CPU
		{29988391-CBB2-490E-8D16-BD772F1B08C5}.Debug|x86.Build.0 = Debug|Any CPU
		{29988391-CBB2-490E-8D16-BD772F1B08C5}.Release|Any CPU.ActiveCfg = Release|Any CPU
		{29988391-CBB2-490E-8D16-BD772F1B08C5}.Release|Any CPU.Build.0 = Release|Any CPU
		{29988391-CBB2-490E-8D16-BD772F1B08C5}.Release|x64.ActiveCfg = Release|Any CPU
		{29988391-CBB2-490E-8D16-BD772F1B08C5}.Release|x64.Build.0 = Release|Any CPU
		{29988391-CBB2-490E-8D16-BD772F1B08C5}.Release|x86.ActiveCfg = Release|Any CPU
		{29988391-CBB2-490E-8D16-BD772F1B08C5}.Release|x86.Build.0 = Release|Any CPU
		{48414A77-44A8-43D3-BBDF-66DB6A20A56D}.Debug|Any CPU.ActiveCfg = Debug|Any CPU
		{48414A77-44A8-43D3-BBDF-66DB6A20A56D}.Debug|Any CPU.Build.0 = Debug|Any CPU
		{48414A77-44A8-43D3-BBDF-66DB6A20A56D}.Debug|x64.ActiveCfg = Debug|Any CPU
		{48414A77-44A8-43D3-BBDF-66DB6A20A56D}.Debug|x64.Build.0 = Debug|Any CPU
		{48414A77-44A8-43D3-BBDF-66DB6A20A56D}.Debug|x86.ActiveCfg = Debug|Any CPU
		{48414A77-44A8-43D3-BBDF-66DB6A20A56D}.Debug|x86.Build.0 = Debug|Any CPU
		{48414A77-44A8-43D3-BBDF-66DB6A20A56D}.Release|Any CPU.ActiveCfg = Release|Any CPU
		{48414A77-44A8-43D3-BBDF-66DB6A20A56D}.Release|Any CPU.Build.0 = Release|Any CPU
		{48414A77-44A8-43D3-BBDF-66DB6A20A56D}.Release|x64.ActiveCfg = Release|Any CPU
		{48414A77-44A8-43D3-BBDF-66DB6A20A56D}.Release|x64.Build.0 = Release|Any CPU
		{48414A77-44A8-43D3-BBDF-66DB6A20A56D}.Release|x86.ActiveCfg = Release|Any CPU
		{48414A77-44A8-43D3-BBDF-66DB6A20A56D}.Release|x86.Build.0 = Release|Any CPU
		{3BE1B73E-CDA7-4923-9FB6-FD8409AE4F29}.Debug|Any CPU.ActiveCfg = Debug|Any CPU
		{3BE1B73E-CDA7-4923-9FB6-FD8409AE4F29}.Debug|Any CPU.Build.0 = Debug|Any CPU
		{3BE1B73E-CDA7-4923-9FB6-FD8409AE4F29}.Debug|x64.ActiveCfg = Debug|Any CPU
		{3BE1B73E-CDA7-4923-9FB6-FD8409AE4F29}.Debug|x64.Build.0 = Debug|Any CPU
		{3BE1B73E-CDA7-4923-9FB6-FD8409AE4F29}.Debug|x86.ActiveCfg = Debug|Any CPU
		{3BE1B73E-CDA7-4923-9FB6-FD8409AE4F29}.Debug|x86.Build.0 = Debug|Any CPU
		{3BE1B73E-CDA7-4923-9FB6-FD8409AE4F29}.Release|Any CPU.ActiveCfg = Release|Any CPU
		{3BE1B73E-CDA7-4923-9FB6-FD8409AE4F29}.Release|Any CPU.Build.0 = Release|Any CPU
		{3BE1B73E-CDA7-4923-9FB6-FD8409AE4F29}.Release|x64.ActiveCfg = Release|Any CPU
		{3BE1B73E-CDA7-4923-9FB6-FD8409AE4F29}.Release|x64.Build.0 = Release|Any CPU
		{3BE1B73E-CDA7-4923-9FB6-FD8409AE4F29}.Release|x86.ActiveCfg = Release|Any CPU
		{3BE1B73E-CDA7-4923-9FB6-FD8409AE4F29}.Release|x86.Build.0 = Release|Any CPU
		{5ED64668-6902-4278-8BDE-7BA6C455AEF7}.Debug|Any CPU.ActiveCfg = Debug|Any CPU
		{5ED64668-6902-4278-8BDE-7BA6C455AEF7}.Debug|Any CPU.Build.0 = Debug|Any CPU
		{5ED64668-6902-4278-8BDE-7BA6C455AEF7}.Debug|x64.ActiveCfg = Debug|Any CPU
		{5ED64668-6902-4278-8BDE-7BA6C455AEF7}.Debug|x64.Build.0 = Debug|Any CPU
		{5ED64668-6902-4278-8BDE-7BA6C455AEF7}.Debug|x86.ActiveCfg = Debug|Any CPU
		{5ED64668-6902-4278-8BDE-7BA6C455AEF7}.Debug|x86.Build.0 = Debug|Any CPU
		{5ED64668-6902-4278-8BDE-7BA6C455AEF7}.Release|Any CPU.ActiveCfg = Release|Any CPU
		{5ED64668-6902-4278-8BDE-7BA6C455AEF7}.Release|Any CPU.Build.0 = Release|Any CPU
		{5ED64668-6902-4278-8BDE-7BA6C455AEF7}.Release|x64.ActiveCfg = Release|Any CPU
		{5ED64668-6902-4278-8BDE-7BA6C455AEF7}.Release|x64.Build.0 = Release|Any CPU
		{5ED64668-6902-4278-8BDE-7BA6C455AEF7}.Release|x86.ActiveCfg = Release|Any CPU
		{5ED64668-6902-4278-8BDE-7BA6C455AEF7}.Release|x86.Build.0 = Release|Any CPU
		{9143CF3F-0AE7-4AB3-B2CC-21D23CB61598}.Debug|Any CPU.ActiveCfg = Debug|Any CPU
		{9143CF3F-0AE7-4AB3-B2CC-21D23CB61598}.Debug|Any CPU.Build.0 = Debug|Any CPU
		{9143CF3F-0AE7-4AB3-B2CC-21D23CB61598}.Debug|x64.ActiveCfg = Debug|Any CPU
		{9143CF3F-0AE7-4AB3-B2CC-21D23CB61598}.Debug|x64.Build.0 = Debug|Any CPU
		{9143CF3F-0AE7-4AB3-B2CC-21D23CB61598}.Debug|x86.ActiveCfg = Debug|Any CPU
		{9143CF3F-0AE7-4AB3-B2CC-21D23CB61598}.Debug|x86.Build.0 = Debug|Any CPU
		{9143CF3F-0AE7-4AB3-B2CC-21D23CB61598}.Release|Any CPU.ActiveCfg = Release|Any CPU
		{9143CF3F-0AE7-4AB3-B2CC-21D23CB61598}.Release|Any CPU.Build.0 = Release|Any CPU
		{9143CF3F-0AE7-4AB3-B2CC-21D23CB61598}.Release|x64.ActiveCfg = Release|Any CPU
		{9143CF3F-0AE7-4AB3-B2CC-21D23CB61598}.Release|x64.Build.0 = Release|Any CPU
		{9143CF3F-0AE7-4AB3-B2CC-21D23CB61598}.Release|x86.ActiveCfg = Release|Any CPU
		{9143CF3F-0AE7-4AB3-B2CC-21D23CB61598}.Release|x86.Build.0 = Release|Any CPU
		{E0209021-2B39-404D-8D00-6B03BBCB78C5}.Debug|Any CPU.ActiveCfg = Debug|Any CPU
		{E0209021-2B39-404D-8D00-6B03BBCB78C5}.Debug|Any CPU.Build.0 = Debug|Any CPU
		{E0209021-2B39-404D-8D00-6B03BBCB78C5}.Debug|x64.ActiveCfg = Debug|Any CPU
		{E0209021-2B39-404D-8D00-6B03BBCB78C5}.Debug|x64.Build.0 = Debug|Any CPU
		{E0209021-2B39-404D-8D00-6B03BBCB78C5}.Debug|x86.ActiveCfg = Debug|Any CPU
		{E0209021-2B39-404D-8D00-6B03BBCB78C5}.Debug|x86.Build.0 = Debug|Any CPU
		{E0209021-2B39-404D-8D00-6B03BBCB78C5}.Release|Any CPU.ActiveCfg = Release|Any CPU
		{E0209021-2B39-404D-8D00-6B03BBCB78C5}.Release|Any CPU.Build.0 = Release|Any CPU
		{E0209021-2B39-404D-8D00-6B03BBCB78C5}.Release|x64.ActiveCfg = Release|Any CPU
		{E0209021-2B39-404D-8D00-6B03BBCB78C5}.Release|x64.Build.0 = Release|Any CPU
		{E0209021-2B39-404D-8D00-6B03BBCB78C5}.Release|x86.ActiveCfg = Release|Any CPU
		{E0209021-2B39-404D-8D00-6B03BBCB78C5}.Release|x86.Build.0 = Release|Any CPU
		{155DE389-64B3-4FAC-9EA2-D2E53D0CE7E2}.Debug|Any CPU.ActiveCfg = Debug|Any CPU
		{155DE389-64B3-4FAC-9EA2-D2E53D0CE7E2}.Debug|Any CPU.Build.0 = Debug|Any CPU
		{155DE389-64B3-4FAC-9EA2-D2E53D0CE7E2}.Debug|x64.ActiveCfg = Debug|Any CPU
		{155DE389-64B3-4FAC-9EA2-D2E53D0CE7E2}.Debug|x64.Build.0 = Debug|Any CPU
		{155DE389-64B3-4FAC-9EA2-D2E53D0CE7E2}.Debug|x86.ActiveCfg = Debug|Any CPU
		{155DE389-64B3-4FAC-9EA2-D2E53D0CE7E2}.Debug|x86.Build.0 = Debug|Any CPU
		{155DE389-64B3-4FAC-9EA2-D2E53D0CE7E2}.Release|Any CPU.ActiveCfg = Release|Any CPU
		{155DE389-64B3-4FAC-9EA2-D2E53D0CE7E2}.Release|Any CPU.Build.0 = Release|Any CPU
		{155DE389-64B3-4FAC-9EA2-D2E53D0CE7E2}.Release|x64.ActiveCfg = Release|Any CPU
		{155DE389-64B3-4FAC-9EA2-D2E53D0CE7E2}.Release|x64.Build.0 = Release|Any CPU
		{155DE389-64B3-4FAC-9EA2-D2E53D0CE7E2}.Release|x86.ActiveCfg = Release|Any CPU
		{155DE389-64B3-4FAC-9EA2-D2E53D0CE7E2}.Release|x86.Build.0 = Release|Any CPU
		{E51BF484-14BE-4B3F-9795-C632F9E03255}.Debug|Any CPU.ActiveCfg = Debug|Any CPU
		{E51BF484-14BE-4B3F-9795-C632F9E03255}.Debug|Any CPU.Build.0 = Debug|Any CPU
		{E51BF484-14BE-4B3F-9795-C632F9E03255}.Debug|x64.ActiveCfg = Debug|Any CPU
		{E51BF484-14BE-4B3F-9795-C632F9E03255}.Debug|x64.Build.0 = Debug|Any CPU
		{E51BF484-14BE-4B3F-9795-C632F9E03255}.Debug|x86.ActiveCfg = Debug|Any CPU
		{E51BF484-14BE-4B3F-9795-C632F9E03255}.Debug|x86.Build.0 = Debug|Any CPU
		{E51BF484-14BE-4B3F-9795-C632F9E03255}.Release|Any CPU.ActiveCfg = Release|Any CPU
		{E51BF484-14BE-4B3F-9795-C632F9E03255}.Release|Any CPU.Build.0 = Release|Any CPU
		{E51BF484-14BE-4B3F-9795-C632F9E03255}.Release|x64.ActiveCfg = Release|Any CPU
		{E51BF484-14BE-4B3F-9795-C632F9E03255}.Release|x64.Build.0 = Release|Any CPU
		{E51BF484-14BE-4B3F-9795-C632F9E03255}.Release|x86.ActiveCfg = Release|Any CPU
		{E51BF484-14BE-4B3F-9795-C632F9E03255}.Release|x86.Build.0 = Release|Any CPU
	EndGlobalSection
	GlobalSection(SolutionProperties) = preSolution
		HideSolutionNode = FALSE
	EndGlobalSection
	GlobalSection(NestedProjects) = preSolution
		{29988391-CBB2-490E-8D16-BD772F1B08C5} = {D82C56D6-B2CD-F611-9E31-04638F7EC30E}
		{48414A77-44A8-43D3-BBDF-66DB6A20A56D} = {A74F262E-BDE7-D5D2-89E9-785413424D0A}
		{3BE1B73E-CDA7-4923-9FB6-FD8409AE4F29} = {A74F262E-BDE7-D5D2-89E9-785413424D0A}
		{5ED64668-6902-4278-8BDE-7BA6C455AEF7} = {996CEBED-A05B-5D42-3FF0-982E087A2599}
		{9143CF3F-0AE7-4AB3-B2CC-21D23CB61598} = {4F52FD11-658E-A102-6CD3-7D7C16FFA15B}
		{E0209021-2B39-404D-8D00-6B03BBCB78C5} = {DFEE68D8-A7D0-1A41-506C-9B74AA9A7B7B}
		{155DE389-64B3-4FAC-9EA2-D2E53D0CE7E2} = {07C2787E-EAC7-C090-1BA3-A61EC2A24D84}
		{E51BF484-14BE-4B3F-9795-C632F9E03255} = {0AB3BF05-4346-4AA6-1389-037BE0695223}
	EndGlobalSection
EndGlobal
